
Microsoft Visual Studio Solution File, Format Version 12.00
# Visual Studio Version 17
VisualStudioVersion = 17.5.33530.505
MinimumVisualStudioVersion = 10.0.40219.1
Project("{FAE04EC0-301F-11D3-BF4B-00C04F79EFBC}") = "LenaerInterp", "LenaerInterp.csproj", "{F756D99A-BCB0-40CA-BE88-BC71C8CB3AA9}"
EndProject
Global
	GlobalSection(SolutionConfigurationPlatforms) = preSolution
		Debug|Any CPU = Debug|Any CPU
		Release|Any CPU = Release|Any CPU
	EndGlobalSection
	GlobalSection(ProjectConfigurationPlatforms) = postSolution
		{F756D99A-BCB0-40CA-BE88-BC71C8CB3AA9}.Debug|Any CPU.ActiveCfg = Debug|Any CPU
		{F756D99A-BCB0-40CA-BE88-BC71C8CB3AA9}.Debug|Any CPU.Build.0 = Debug|Any CPU
		{F756D99A-BCB0-40CA-BE88-BC71C8CB3AA9}.Release|Any CPU.ActiveCfg = Release|Any CPU
		{F756D99A-BCB0-40CA-BE88-BC71C8CB3AA9}.Release|Any CPU.Build.0 = Release|Any CPU
	EndGlobalSection
	GlobalSection(SolutionProperties) = preSolution
		HideSolutionNode = FALSE
	EndGlobalSection
	GlobalSection(ExtensibilityGlobals) = postSolution
		SolutionGuid = {8C8775E9-ADFD-4239-A671-6814B080B8D2}
	EndGlobalSection
EndGlobal
